
Microsoft Visual Studio Solution File, Format Version 12.00
# Visual Studio Version 17
VisualStudioVersion = 17.3.32929.385
MinimumVisualStudioVersion = 10.0.40219.1
Project("{FAE04EC0-301F-11D3-BF4B-00C04F79EFBC}") = "isdeLANN", "isdeLANN\isdeLANN.csproj", "{0CAE56C7-3AF3-4A18-B2B1-597145F39997}"
EndProject
Global
	GlobalSection(SolutionConfigurationPlatforms) = preSolution
		Debug|Any CPU = Debug|Any CPU
		Release|Any CPU = Release|Any CPU
	EndGlobalSection
	GlobalSection(ProjectConfigurationPlatforms) = postSolution
		{0CAE56C7-3AF3-4A18-B2B1-597145F39997}.Debug|Any CPU.ActiveCfg = Debug|Any CPU
		{0CAE56C7-3AF3-4A18-B2B1-597145F39997}.Debug|Any CPU.Build.0 = Debug|Any CPU
		{0CAE56C7-3AF3-4A18-B2B1-597145F39997}.Release|Any CPU.ActiveCfg = Release|Any CPU
		{0CAE56C7-3AF3-4A18-B2B1-597145F39997}.Release|Any CPU.Build.0 = Release|Any CPU
	EndGlobalSection
	GlobalSection(SolutionProperties) = preSolution
		HideSolutionNode = FALSE
	EndGlobalSection
	GlobalSection(ExtensibilityGlobals) = postSolution
		SolutionGuid = {9E06E43F-1951-4ECD-9DA0-E9308677BC08}
	EndGlobalSection
EndGlobal
